
Microsoft Visual Studio Solution File, Format Version 12.00
# Visual Studio 15
VisualStudioVersion = 15.0.27004.2009
MinimumVisualStudioVersion = 10.0.40219.1
Project("{FAE04EC0-301F-11D3-BF4B-00C04F79EFBC}") = "BotTheWeb", "BotTheWeb\BotTheWeb.csproj", "{358FCEB4-B6BE-47D5-B361-D0634282EF89}"
EndProject
Global
	GlobalSection(SolutionConfigurationPlatforms) = preSolution
		Debug|Any CPU = Debug|Any CPU
		Release|Any CPU = Release|Any CPU
	EndGlobalSection
	GlobalSection(ProjectConfigurationPlatforms) = postSolution
		{358FCEB4-B6BE-47D5-B361-D0634282EF89}.Debug|Any CPU.ActiveCfg = Debug|Any CPU
		{358FCEB4-B6BE-47D5-B361-D0634282EF89}.Debug|Any CPU.Build.0 = Debug|Any CPU
		{358FCEB4-B6BE-47D5-B361-D0634282EF89}.Release|Any CPU.ActiveCfg = Release|Any CPU
		{358FCEB4-B6BE-47D5-B361-D0634282EF89}.Release|Any CPU.Build.0 = Release|Any CPU
	EndGlobalSection
	GlobalSection(SolutionProperties) = preSolution
		HideSolutionNode = FALSE
	EndGlobalSection
	GlobalSection(ExtensibilityGlobals) = postSolution
		SolutionGuid = {5BB23990-E4FF-4F97-AC0B-A089EFFBDAE6}
	EndGlobalSection
EndGlobal
